{
  "nodes": {
    "melange-compiler-libs": {
      "inputs": {
        "nixpkgs": [
          "nixpkgs"
        ]
      },
      "locked": {
        "lastModified": 1736571386,
        "narHash": "sha256-KW5Ojkxj0hmFwx2xqrNjMzDpyK3UHkUzpgq2/k04ynM=",
        "owner": "melange-re",
        "repo": "melange-compiler-libs",
        "rev": "8455eecb7dfc24f25db46e55b86803ecb6bd674f",
        "type": "github"
      },
      "original": {
        "owner": "melange-re",
        "repo": "melange-compiler-libs",
        "type": "github"
      }
    },
    "nixpkgs": {
      "inputs": {
        "nixpkgs": "nixpkgs_2"
      },
      "locked": {
        "lastModified": 1738481754,
        "narHash": "sha256-k0KBAC2zJ/hBVLhJmX7Ds20TyxPS8TXj4uhUZgCAbsA=",
        "owner": "nix-ocaml",
        "repo": "nix-overlays",
        "rev": "d4cf7f3c275d8b7c1626c6bc7a3df63342bf4491",
        "type": "github"
      },
      "original": {
        "owner": "nix-ocaml",
        "repo": "nix-overlays",
        "type": "github"
      }
    },
    "nixpkgs_2": {
      "locked": {
        "lastModified": 1738410390,
        "narHash": "sha256-xvTo0Aw0+veek7hvEVLzErmJyQkEcRk6PSR4zsRQFEc=",
        "owner": "NixOS",
        "repo": "nixpkgs",
        "rev": "3a228057f5b619feb3186e986dbe76278d707b6e",
        "type": "github"
      },
      "original": {
        "owner": "NixOS",
        "repo": "nixpkgs",
        "rev": "3a228057f5b619feb3186e986dbe76278d707b6e",
        "type": "github"
      }
    },
    "root": {
      "inputs": {
        "melange-compiler-libs": "melange-compiler-libs",
        "nixpkgs": "nixpkgs"
      }
    }
  },
  "root": "root",
  "version": 7
}
