{
  "nodes": {
    "melange-compiler-libs": {
      "inputs": {
        "nixpkgs": [
          "nixpkgs"
        ]
      },
      "locked": {
        "lastModified": 1754791052,
        "narHash": "sha256-BU/0as6u5/+Uok4Eak4Mg0qFzIlQnayN72xlAUtDaIo=",
        "owner": "melange-re",
        "repo": "melange-compiler-libs",
        "rev": "a72c24f9ce4604810cab5329de6c6e5dc117ad20",
        "type": "github"
      },
      "original": {
        "owner": "melange-re",
        "repo": "melange-compiler-libs",
        "type": "github"
      }
    },
    "nixpkgs": {
      "inputs": {
        "nixpkgs": "nixpkgs_2"
      },
      "locked": {
        "lastModified": 1754786642,
        "narHash": "sha256-3FipQvWFECL95v7O0z+BSLNq+96FaXcNnCfQyW/B3U0=",
        "owner": "nix-ocaml",
        "repo": "nix-overlays",
        "rev": "8e04234d0e64bdc5558dfc32c00d3e5f5aa1ecd0",
        "type": "github"
      },
      "original": {
        "owner": "nix-ocaml",
        "repo": "nix-overlays",
        "type": "github"
      }
    },
    "nixpkgs_2": {
      "locked": {
        "lastModified": 1754754819,
        "narHash": "sha256-1jgrehqxDSh2TBsRiFDYzlkJ+cNZQ9thApzvOTCdMBA=",
        "owner": "NixOS",
        "repo": "nixpkgs",
        "rev": "bcc20cad1608fbbe08641e5106c0755cfd0154ad",
        "type": "github"
      },
      "original": {
        "owner": "NixOS",
        "repo": "nixpkgs",
        "rev": "bcc20cad1608fbbe08641e5106c0755cfd0154ad",
        "type": "github"
      }
    },
    "root": {
      "inputs": {
        "melange-compiler-libs": "melange-compiler-libs",
        "nixpkgs": "nixpkgs"
      }
    }
  },
  "root": "root",
  "version": 7
}
