{
  "nodes": {
    "melange-compiler-libs": {
      "inputs": {
        "nixpkgs": [
          "nixpkgs"
        ]
      },
      "locked": {
        "lastModified": 1783283223,
        "narHash": "sha256-6WDLbI7JSXTCFCj3oVqREtU8/c0D+92ULZUR0OrjLxE=",
        "owner": "melange-re",
        "repo": "melange-compiler-libs",
        "rev": "6ac87062ec18138b7acc769223b1e58f31f28772",
        "type": "github"
      },
      "original": {
        "owner": "melange-re",
        "ref": "5.5",
        "repo": "melange-compiler-libs",
        "type": "github"
      }
    },
    "nixpkgs": {
      "inputs": {
        "nixpkgs": "nixpkgs_2"
      },
      "locked": {
        "lastModified": 1783291210,
        "narHash": "sha256-+1n5priHZlAcp94VW2tgcGPxYI/o7sU9eKiaJTHZgd8=",
        "owner": "nix-ocaml",
        "repo": "nix-overlays",
        "rev": "85f35326c6969e7282c68dc30c237d6a94554f44",
        "type": "github"
      },
      "original": {
        "owner": "nix-ocaml",
        "repo": "nix-overlays",
        "type": "github"
      }
    },
    "nixpkgs_2": {
      "locked": {
        "lastModified": 1783264223,
        "narHash": "sha256-3Uiwx/j6LYuQH3hYkPLOZrKjLtQO03fPkO3K0hIp8Jc=",
        "owner": "NixOS",
        "repo": "nixpkgs",
        "rev": "28d4faad49f8095ec21ebf0454aa8e9c7d7d0af9",
        "type": "github"
      },
      "original": {
        "owner": "NixOS",
        "repo": "nixpkgs",
        "rev": "28d4faad49f8095ec21ebf0454aa8e9c7d7d0af9",
        "type": "github"
      }
    },
    "root": {
      "inputs": {
        "melange-compiler-libs": "melange-compiler-libs",
        "nixpkgs": "nixpkgs"
      }
    }
  },
  "root": "root",
  "version": 7
}
