{
  "name": "ocaml-tree",
  "lockfileVersion": 2,
  "requires": true,
  "packages": {
    "": {
      "dependencies": {
        "nan": "^2.14.2",
        "tree-sitter-cli": "^0.18.0"
      },
      "devDependencies": {
        "web-tree-sitter": "^0.18.0"
      }
    },
    "node_modules/nan": {
      "version": "2.14.2",
      "resolved": "https://registry.npmjs.org/nan/-/nan-2.14.2.tgz",
      "integrity": "sha512-M2ufzIiINKCuDfBSAUr1vWQ+vuVcA9kqx8JJUsbQi6yf1uGRyb7HfpdfUr5qLXf3B/t8dPvcjhKMmlfnP47EzQ==",
      "license": "MIT"
    },
    "node_modules/tree-sitter-cli": {
      "version": "0.18.3",
      "hasInstallScript": true,
      "license": "MIT",
      "bin": {
        "tree-sitter": "cli.js"
      }
    },
    "node_modules/web-tree-sitter": {
      "version": "0.18.2",
      "dev": true,
      "license": "MIT"
    }
  },
  "dependencies": {
    "nan": {
      "version": "2.14.2",
      "resolved": "https://registry.npmjs.org/nan/-/nan-2.14.2.tgz",
      "integrity": "sha512-M2ufzIiINKCuDfBSAUr1vWQ+vuVcA9kqx8JJUsbQi6yf1uGRyb7HfpdfUr5qLXf3B/t8dPvcjhKMmlfnP47EzQ=="
    },
    "tree-sitter-cli": {
      "version": "0.18.3"
    },
    "web-tree-sitter": {
      "version": "0.18.2",
      "dev": true
    }
  }
}
