{
  "name": "ocaml-tree",
  "lockfileVersion": 2,
  "requires": true,
  "packages": {
    "": {
      "dependencies": {
        "nan": "^2.14.2",
        "tree-sitter-cli": "^0.18.0"
      },
      "devDependencies": {
        "web-tree-sitter": "^0.18.0"
      }
    },
    "node_modules/nan": {
      "version": "2.14.2",
      "resolved": "https://registry.npmjs.org/nan/-/nan-2.14.2.tgz",
      "integrity": "sha512-M2ufzIiINKCuDfBSAUr1vWQ+vuVcA9kqx8JJUsbQi6yf1uGRyb7HfpdfUr5qLXf3B/t8dPvcjhKMmlfnP47EzQ=="
    },
    "node_modules/tree-sitter-cli": {
      "version": "0.18.0",
      "resolved": "https://registry.npmjs.org/tree-sitter-cli/-/tree-sitter-cli-0.18.0.tgz",
      "integrity": "sha512-84cxdTVXpVZrfXTvr4wtjG4zLWcUoaRLhgzDinW/84FHEv12mtVfRndV3QV7omTzdzWWDvpfshPfkCOOZWEdog==",
      "bin": {
        "tree-sitter": "cli.js"
      }
    },
    "node_modules/web-tree-sitter": {
      "version": "0.18.0",
      "resolved": "https://registry.npmjs.org/web-tree-sitter/-/web-tree-sitter-0.18.0.tgz",
      "integrity": "sha512-Zkgc8SkwcrUKqCqBwA4BqBl43ZBJdTfF2M5P7YdG57ix5IklJC3eqLPNsLjDd7f0jbJ9EJcQksdKifqzM1lN2Q==",
      "dev": true
    }
  },
  "dependencies": {
    "nan": {
      "version": "2.14.2",
      "resolved": "https://registry.npmjs.org/nan/-/nan-2.14.2.tgz",
      "integrity": "sha512-M2ufzIiINKCuDfBSAUr1vWQ+vuVcA9kqx8JJUsbQi6yf1uGRyb7HfpdfUr5qLXf3B/t8dPvcjhKMmlfnP47EzQ=="
    },
    "tree-sitter-cli": {
      "version": "0.18.0",
      "resolved": "https://registry.npmjs.org/tree-sitter-cli/-/tree-sitter-cli-0.18.0.tgz",
      "integrity": "sha512-84cxdTVXpVZrfXTvr4wtjG4zLWcUoaRLhgzDinW/84FHEv12mtVfRndV3QV7omTzdzWWDvpfshPfkCOOZWEdog=="
    },
    "web-tree-sitter": {
      "version": "0.18.0",
      "resolved": "https://registry.npmjs.org/web-tree-sitter/-/web-tree-sitter-0.18.0.tgz",
      "integrity": "sha512-Zkgc8SkwcrUKqCqBwA4BqBl43ZBJdTfF2M5P7YdG57ix5IklJC3eqLPNsLjDd7f0jbJ9EJcQksdKifqzM1lN2Q==",
      "dev": true
    }
  }
}
